
Microsoft Visual Studio Solution File, Format Version 12.00
# Visual Studio Version 17
VisualStudioVersion = 17.7.34031.279
MinimumVisualStudioVersion = 10.0.40219.1
Project("{8BC9CEB8-8B4A-11D0-8D11-00A0C91BC942}") = "LabTen", "LabTen\LabTen.vcxproj", "{8092959D-1724-4E52-8A11-EEA1DD978A31}"
EndProject
Global
	GlobalSection(SolutionConfigurationPlatforms) = preSolution
		Debug|x64 = Debug|x64
		Debug|x86 = Debug|x86
		Release|x64 = Release|x64
		Release|x86 = Release|x86
	EndGlobalSection
	GlobalSection(ProjectConfigurationPlatforms) = postSolution
		{8092959D-1724-4E52-8A11-EEA1DD978A31}.Debug|x64.ActiveCfg = Debug|x64
		{8092959D-1724-4E52-8A11-EEA1DD978A31}.Debug|x64.Build.0 = Debug|x64
		{8092959D-1724-4E52-8A11-EEA1DD978A31}.Debug|x86.ActiveCfg = Debug|Win32
		{8092959D-1724-4E52-8A11-EEA1DD978A31}.Debug|x86.Build.0 = Debug|Win32
		{8092959D-1724-4E52-8A11-EEA1DD978A31}.Release|x64.ActiveCfg = Release|x64
		{8092959D-1724-4E52-8A11-EEA1DD978A31}.Release|x64.Build.0 = Release|x64
		{8092959D-1724-4E52-8A11-EEA1DD978A31}.Release|x86.ActiveCfg = Release|Win32
		{8092959D-1724-4E52-8A11-EEA1DD978A31}.Release|x86.Build.0 = Release|Win32
	EndGlobalSection
	GlobalSection(SolutionProperties) = preSolution
		HideSolutionNode = FALSE
	EndGlobalSection
	GlobalSection(ExtensibilityGlobals) = postSolution
		SolutionGuid = {D2207131-1884-41BC-8D93-1314032D4497}
	EndGlobalSection
EndGlobal
